
Microsoft Visual Studio Solution File, Format Version 12.00
# Visual Studio Version 16
VisualStudioVersion = 16.0.28803.202
MinimumVisualStudioVersion = 10.0.40219.1
Project("{FAE04EC0-301F-11D3-BF4B-00C04F79EFBC}") = "EFDay1", "EFDay1\EFDay1.csproj", "{803C3C02-2A40-47D3-876F-801941B462B9}"
EndProject
Global
	GlobalSection(SolutionConfigurationPlatforms) = preSolution
		Debug|Any CPU = Debug|Any CPU
		Release|Any CPU = Release|Any CPU
	EndGlobalSection
	GlobalSection(ProjectConfigurationPlatforms) = postSolution
		{803C3C02-2A40-47D3-876F-801941B462B9}.Debug|Any CPU.ActiveCfg = Debug|Any CPU
		{803C3C02-2A40-47D3-876F-801941B462B9}.Debug|Any CPU.Build.0 = Debug|Any CPU
		{803C3C02-2A40-47D3-876F-801941B462B9}.Release|Any CPU.ActiveCfg = Release|Any CPU
		{803C3C02-2A40-47D3-876F-801941B462B9}.Release|Any CPU.Build.0 = Release|Any CPU
	EndGlobalSection
	GlobalSection(SolutionProperties) = preSolution
		HideSolutionNode = FALSE
	EndGlobalSection
	GlobalSection(ExtensibilityGlobals) = postSolution
		SolutionGuid = {B1B00BBE-9969-48A4-9C9B-A87C660DF392}
	EndGlobalSection
EndGlobal
